// !$*UTF8*$!
{
	archiveVersion = 1;
	classes = {
	};
	objectVersion = 50;
	objects = {

/* Begin PBXBuildFile section */
		46E64B912679CBC700481862 /* main.cpp in Sources */ = {isa = PBXBuildFile; fileRef = 46E64B902679CBC700481862 /* main.cpp */; };
		46E64B992679CBF000481862 /* str_mix_up.cpp in Sources */ = {isa = PBXBuildFile; fileRef = 46E64B972679CBF000481862 /* str_mix_up.cpp */; };
		46E64B9C2679CC0100481862 /* gameLoop.cpp in Sources */ = {isa = PBXBuildFile; fileRef = 46E64B9A2679CC0100481862 /* gameLoop.cpp */; };
/* End PBXBuildFile section */

/* Begin PBXCopyFilesBuildPhase section */
		46E64B8B2679CBC700481862 /* CopyFiles */ = {
			isa = PBXCopyFilesBuildPhase;
			buildActionMask = 2147483647;
			dstPath = /usr/share/man/man1/;
			dstSubfolderSpec = 0;
			files = (
			);
			runOnlyForDeploymentPostprocessing = 1;
		};
/* End PBXCopyFilesBuildPhase section */

/* Begin PBXFileReference section */
		46E64B8D2679CBC700481862 /* TP_Mot_Mystere */ = {isa = PBXFileReference; explicitFileType = "compiled.mach-o.executable"; includeInIndex = 0; path = TP_Mot_Mystere; sourceTree = BUILT_PRODUCTS_DIR; };
		46E64B902679CBC700481862 /* main.cpp */ = {isa = PBXFileReference; lastKnownFileType = sourcecode.cpp.cpp; path = main.cpp; sourceTree = "<group>"; };
		46E64B972679CBF000481862 /* str_mix_up.cpp */ = {isa = PBXFileReference; lastKnownFileType = sourcecode.cpp.cpp; path = str_mix_up.cpp; sourceTree = "<group>"; };
		46E64B982679CBF000481862 /* str_mix_up.hpp */ = {isa = PBXFileReference; lastKnownFileType = sourcecode.cpp.h; path = str_mix_up.hpp; sourceTree = "<group>"; };
		46E64B9A2679CC0100481862 /* gameLoop.cpp */ = {isa = PBXFileReference; lastKnownFileType = sourcecode.cpp.cpp; path = gameLoop.cpp; sourceTree = "<group>"; };
		46E64B9B2679CC0100481862 /* gameLoop.hpp */ = {isa = PBXFileReference; lastKnownFileType = sourcecode.cpp.h; path = gameLoop.hpp; sourceTree = "<group>"; };
/* End PBXFileReference section */

/* Begin PBXFrameworksBuildPhase section */
		46E64B8A2679CBC700481862 /* Frameworks */ = {
			isa = PBXFrameworksBuildPhase;
			buildActionMask = 2147483647;
			files = (
			);
			runOnlyForDeploymentPostprocessing = 0;
		};
/* End PBXFrameworksBuildPhase section */

/* Begin PBXGroup section */
		46E64B842679CBC700481862 = {
			isa = PBXGroup;
			children = (
				46E64B8F2679CBC700481862 /* TP_Mot_Mystere */,
				46E64B8E2679CBC700481862 /* Products */,
			);
			sourceTree = "<group>";
		};
		46E64B8E2679CBC700481862 /* Products */ = {
			isa = PBXGroup;
			children = (
				46E64B8D2679CBC700481862 /* TP_Mot_Mystere */,
			);
			name = Products;
			sourceTree = "<group>";
		};
		46E64B8F2679CBC700481862 /* TP_Mot_Mystere */ = {
			isa = PBXGroup;
			children = (
				46E64B902679CBC700481862 /* main.cpp */,
				46E64B9A2679CC0100481862 /* gameLoop.cpp */,
				46E64B9B2679CC0100481862 /* gameLoop.hpp */,
				46E64B972679CBF000481862 /* str_mix_up.cpp */,
				46E64B982679CBF000481862 /* str_mix_up.hpp */,
			);
			path = TP_Mot_Mystere;
			sourceTree = "<group>";
		};
/* End PBXGroup section */

/* Begin PBXNativeTarget section */
		46E64B8C2679CBC700481862 /* TP_Mot_Mystere */ = {
			isa = PBXNativeTarget;
			buildConfigurationList = 46E64B942679CBC700481862 /* Build configuration list for PBXNativeTarget "TP_Mot_Mystere" */;
			buildPhases = (
				46E64B892679CBC700481862 /* Sources */,
				46E64B8A2679CBC700481862 /* Frameworks */,
				46E64B8B2679CBC700481862 /* CopyFiles */,
			);
			buildRules = (
			);
			dependencies = (
			);
			name = TP_Mot_Mystere;
			productName = TP_Mot_Mystere;
			productReference = 46E64B8D2679CBC700481862 /* TP_Mot_Mystere */;
			productType = "com.apple.product-type.tool";
		};
/* End PBXNativeTarget section */

/* Begin PBXProject section */
		46E64B852679CBC700481862 /* Project object */ = {
			isa = PBXProject;
			attributes = {
				LastUpgradeCheck = 1250;
				TargetAttributes = {
					46E64B8C2679CBC700481862 = {
						CreatedOnToolsVersion = 12.5;
					};
				};
			};
			buildConfigurationList = 46E64B882679CBC700481862 /* Build configuration list for PBXProject "TP_Mot_Mystere" */;
			compatibilityVersion = "Xcode 9.3";
			developmentRegion = en;
			hasScannedForEncodings = 0;
			knownRegions = (
				en,
				Base,
			);
			mainGroup = 46E64B842679CBC700481862;
			productRefGroup = 46E64B8E2679CBC700481862 /* Products */;
			projectDirPath = "";
			projectRoot = "";
			targets = (
				46E64B8C2679CBC700481862 /* TP_Mot_Mystere */,
			);
		};
/* End PBXProject section */

/* Begin PBXSourcesBuildPhase section */
		46E64B892679CBC700481862 /* Sources */ = {
			isa = PBXSourcesBuildPhase;
			buildActionMask = 2147483647;
			files = (
				46E64B912679CBC700481862 /* main.cpp in Sources */,
				46E64B992679CBF000481862 /* str_mix_up.cpp in Sources */,
				46E64B9C2679CC0100481862 /* gameLoop.cpp in Sources */,
			);
			runOnlyForDeploymentPostprocessing = 0;
		};
/* End PBXSourcesBuildPhase section */

/* Begin XCBuildConfiguration section */
		46E64B922679CBC700481862 /* Debug */ = {
			isa = XCBuildConfiguration;
			buildSettings = {
				ALWAYS_SEARCH_USER_PATHS = NO;
				CLANG_ANALYZER_NONNULL = YES;
				CLANG_ANALYZER_NUMBER_OBJECT_CONVERSION = YES_AGGRESSIVE;
				CLANG_CXX_LANGUAGE_STANDARD = "gnu++14";
				CLANG_CXX_LIBRARY = "libc++";
				CLANG_ENABLE_MODULES = YES;
				CLANG_ENABLE_OBJC_ARC = YES;
				CLANG_ENABLE_OBJC_WEAK = YES;
				CLANG_WARN_BLOCK_CAPTURE_AUTORELEASING = YES;
				CLANG_WARN_BOOL_CONVERSION = YES;
				CLANG_WARN_COMMA = YES;
				CLANG_WARN_CONSTANT_CONVERSION = YES;
				CLANG_WARN_DEPRECATED_OBJC_IMPLEMENTATIONS = YES;
				CLANG_WARN_DIRECT_OBJC_ISA_USAGE = YES_ERROR;
				CLANG_WARN_DOCUMENTATION_COMMENTS = YES;
				CLANG_WARN_EMPTY_BODY = YES;
				CLANG_WARN_ENUM_CONVERSION = YES;
				CLANG_WARN_INFINITE_RECURSION = YES;
				CLANG_WARN_INT_CONVERSION = YES;
				CLANG_WARN_NON_LITERAL_NULL_CONVERSION = YES;
				CLANG_WARN_OBJC_IMPLICIT_RETAIN_SELF = YES;
				CLANG_WARN_OBJC_LITERAL_CONVERSION = YES;
				CLANG_WARN_OBJC_ROOT_CLASS = YES_ERROR;
				CLANG_WARN_QUOTED_INCLUDE_IN_FRAMEWORK_HEADER = YES;
				CLANG_WARN_RANGE_LOOP_ANALYSIS = YES;
				CLANG_WARN_STRICT_PROTOTYPES = YES;
				CLANG_WARN_SUSPICIOUS_MOVE = YES;
				CLANG_WARN_UNGUARDED_AVAILABILITY = YES_AGGRESSIVE;
				CLANG_WARN_UNREACHABLE_CODE = YES;
				CLANG_WARN__DUPLICATE_METHOD_MATCH = YES;
				COPY_PHASE_STRIP = NO;
				DEBUG_INFORMATION_FORMAT = dwarf;
				ENABLE_STRICT_OBJC_MSGSEND = YES;
				ENABLE_TESTABILITY = YES;
				GCC_C_LANGUAGE_STANDARD = gnu11;
				GCC_DYNAMIC_NO_PIC = NO;
				GCC_NO_COMMON_BLOCKS = YES;
				GCC_OPTIMIZATION_LEVEL = 0;
				GCC_PREPROCESSOR_DEFINITIONS = (
					"DEBUG=1",
					"$(inherited)",
				);
				GCC_WARN_64_TO_32_BIT_CONVERSION = YES;
				GCC_WARN_ABOUT_RETURN_TYPE = YES_ERROR;
				GCC_WARN_UNDECLARED_SELECTOR = YES;
				GCC_WARN_UNINITIALIZED_AUTOS = YES_AGGRESSIVE;
				GCC_WARN_UNUSED_FUNCTION = YES;
				GCC_WARN_UNUSED_VARIABLE = YES;
				MACOSX_DEPLOYMENT_TARGET = 11.3;
				MTL_ENABLE_DEBUG_INFO = INCLUDE_SOURCE;
				MTL_FAST_MATH = YES;
				ONLY_ACTIVE_ARCH = YES;
				SDKROOT = macosx;
			};
			name = Debug;
		};
		46E64B932679CBC700481862 /* Release */ = {
			isa = XCBuildConfiguration;
			buildSettings = {
				ALWAYS_SEARCH_USER_PATHS = NO;
				CLANG_ANALYZER_NONNULL = YES;
				CLANG_ANALYZER_NUMBER_OBJECT_CONVERSION = YES_AGGRESSIVE;
				CLANG_CXX_LANGUAGE_STANDARD = "gnu++14";
				CLANG_CXX_LIBRARY = "libc++";
				CLANG_ENABLE_MODULES = YES;
				CLANG_ENABLE_OBJC_ARC = YES;
				CLANG_ENABLE_OBJC_WEAK = YES;
				CLANG_WARN_BLOCK_CAPTURE_AUTORELEASING = YES;
				CLANG_WARN_BOOL_CONVERSION = YES;
				CLANG_WARN_COMMA = YES;
				CLANG_WARN_CONSTANT_CONVERSION = YES;
				CLANG_WARN_DEPRECATED_OBJC_IMPLEMENTATIONS = YES;
				CLANG_WARN_DIRECT_OBJC_ISA_USAGE = YES_ERROR;
				CLANG_WARN_DOCUMENTATION_COMMENTS = YES;
				CLANG_WARN_EMPTY_BODY = YES;
				CLANG_WARN_ENUM_CONVERSION = YES;
				CLANG_WARN_INFINITE_RECURSION = YES;
				CLANG_WARN_INT_CONVERSION = YES;
				CLANG_WARN_NON_LITERAL_NULL_CONVERSION = YES;
				CLANG_WARN_OBJC_IMPLICIT_RETAIN_SELF = YES;
				CLANG_WARN_OBJC_LITERAL_CONVERSION = YES;
				CLANG_WARN_OBJC_ROOT_CLASS = YES_ERROR;
				CLANG_WARN_QUOTED_INCLUDE_IN_FRAMEWORK_HEADER = YES;
				CLANG_WARN_RANGE_LOOP_ANALYSIS = YES;
				CLANG_WARN_STRICT_PROTOTYPES = YES;
				CLANG_WARN_SUSPICIOUS_MOVE = YES;
				CLANG_WARN_UNGUARDED_AVAILABILITY = YES_AGGRESSIVE;
				CLANG_WARN_UNREACHABLE_CODE = YES;
				CLANG_WARN__DUPLICATE_METHOD_MATCH = YES;
				COPY_PHASE_STRIP = NO;
				DEBUG_INFORMATION_FORMAT = "dwarf-with-dsym";
				ENABLE_NS_ASSERTIONS = NO;
				ENABLE_STRICT_OBJC_MSGSEND = YES;
				GCC_C_LANGUAGE_STANDARD = gnu11;
				GCC_NO_COMMON_BLOCKS = YES;
				GCC_WARN_64_TO_32_BIT_CONVERSION = YES;
				GCC_WARN_ABOUT_RETURN_TYPE = YES_ERROR;
				GCC_WARN_UNDECLARED_SELECTOR = YES;
				GCC_WARN_UNINITIALIZED_AUTOS = YES_AGGRESSIVE;
				GCC_WARN_UNUSED_FUNCTION = YES;
				GCC_WARN_UNUSED_VARIABLE = YES;
				MACOSX_DEPLOYMENT_TARGET = 11.3;
				MTL_ENABLE_DEBUG_INFO = NO;
				MTL_FAST_MATH = YES;
				SDKROOT = macosx;
			};
			name = Release;
		};
		46E64B952679CBC700481862 /* Debug */ = {
			isa = XCBuildConfiguration;
			buildSettings = {
				CODE_SIGN_STYLE = Automatic;
				PRODUCT_NAME = "$(TARGET_NAME)";
			};
			name = Debug;
		};
		46E64B962679CBC700481862 /* Release */ = {
			isa = XCBuildConfiguration;
			buildSettings = {
				CODE_SIGN_STYLE = Automatic;
				PRODUCT_NAME = "$(TARGET_NAME)";
			};
			name = Release;
		};
/* End XCBuildConfiguration section */

/* Begin XCConfigurationList section */
		46E64B882679CBC700481862 /* Build configuration list for PBXProject "TP_Mot_Mystere" */ = {
			isa = XCConfigurationList;
			buildConfigurations = (
				46E64B922679CBC700481862 /* Debug */,
				46E64B932679CBC700481862 /* Release */,
			);
			defaultConfigurationIsVisible = 0;
			defaultConfigurationName = Release;
		};
		46E64B942679CBC700481862 /* Build configuration list for PBXNativeTarget "TP_Mot_Mystere" */ = {
			isa = XCConfigurationList;
			buildConfigurations = (
				46E64B952679CBC700481862 /* Debug */,
				46E64B962679CBC700481862 /* Release */,
			);
			defaultConfigurationIsVisible = 0;
			defaultConfigurationName = Release;
		};
/* End XCConfigurationList section */
	};
	rootObject = 46E64B852679CBC700481862 /* Project object */;
}
